// !$*UTF8*$!
{
	archiveVersion = 1;
	classes = {
	};
	objectVersion = 50;
	objects = {

/* Begin PBXBuildFile section */
		BA3CA55F21C5089A00E9729C /* Rating.swift in Sources */ = {isa = PBXBuildFile; fileRef = BA3CA55E21C5089A00E9729C /* Rating.swift */; };
		BAED07CC21B296F60059BA8D /* MemoryGameKit.h in Headers */ = {isa = PBXBuildFile; fileRef = BAED07CA21B296F60059BA8D /* MemoryGameKit.h */; settings = {ATTRIBUTES = (Public, ); }; };
		BAED07DD21B297490059BA8D /* Gif.swift in Sources */ = {isa = PBXBuildFile; fileRef = BAED07D321B297490059BA8D /* Gif.swift */; };
		BAED07DE21B297490059BA8D /* Trending.swift in Sources */ = {isa = PBXBuildFile; fileRef = BAED07D421B297490059BA8D /* Trending.swift */; };
		BAED07DF21B297490059BA8D /* GameError.swift in Sources */ = {isa = PBXBuildFile; fileRef = BAED07D521B297490059BA8D /* GameError.swift */; };
		BAED07E221B297490059BA8D /* PlaylistRepository.swift in Sources */ = {isa = PBXBuildFile; fileRef = BAED07DA21B297490059BA8D /* PlaylistRepository.swift */; };
		BAED07E321B297490059BA8D /* GameTrendingGifsRepository.swift in Sources */ = {isa = PBXBuildFile; fileRef = BAED07DC21B297490059BA8D /* GameTrendingGifsRepository.swift */; };
		BAED07E721B297820059BA8D /* RxSwift.framework in Frameworks */ = {isa = PBXBuildFile; fileRef = BAED07E521B297820059BA8D /* RxSwift.framework */; };
		BAED07E821B297820059BA8D /* Moya.framework in Frameworks */ = {isa = PBXBuildFile; fileRef = BAED07E621B297820059BA8D /* Moya.framework */; };
		BAED07F621B2A0700059BA8D /* GifsTargetType.swift in Sources */ = {isa = PBXBuildFile; fileRef = BAED07F421B2A0700059BA8D /* GifsTargetType.swift */; };
		BAED07F721B2A0700059BA8D /* TrendingAPI.swift in Sources */ = {isa = PBXBuildFile; fileRef = BAED07F521B2A0700059BA8D /* TrendingAPI.swift */; };
/* End PBXBuildFile section */

/* Begin PBXFileReference section */
		BA3CA55E21C5089A00E9729C /* Rating.swift */ = {isa = PBXFileReference; lastKnownFileType = sourcecode.swift; path = Rating.swift; sourceTree = "<group>"; };
		BAED07C721B296F60059BA8D /* MemoryGameKit.framework */ = {isa = PBXFileReference; explicitFileType = wrapper.framework; includeInIndex = 0; path = MemoryGameKit.framework; sourceTree = BUILT_PRODUCTS_DIR; };
		BAED07CA21B296F60059BA8D /* MemoryGameKit.h */ = {isa = PBXFileReference; lastKnownFileType = sourcecode.c.h; path = MemoryGameKit.h; sourceTree = "<group>"; };
		BAED07CB21B296F60059BA8D /* Info.plist */ = {isa = PBXFileReference; lastKnownFileType = text.plist.xml; path = Info.plist; sourceTree = "<group>"; };
		BAED07D321B297490059BA8D /* Gif.swift */ = {isa = PBXFileReference; fileEncoding = 4; lastKnownFileType = sourcecode.swift; path = Gif.swift; sourceTree = "<group>"; };
		BAED07D421B297490059BA8D /* Trending.swift */ = {isa = PBXFileReference; fileEncoding = 4; lastKnownFileType = sourcecode.swift; path = Trending.swift; sourceTree = "<group>"; };
		BAED07D521B297490059BA8D /* GameError.swift */ = {isa = PBXFileReference; fileEncoding = 4; lastKnownFileType = sourcecode.swift; path = GameError.swift; sourceTree = "<group>"; };
		BAED07DA21B297490059BA8D /* PlaylistRepository.swift */ = {isa = PBXFileReference; fileEncoding = 4; lastKnownFileType = sourcecode.swift; path = PlaylistRepository.swift; sourceTree = "<group>"; };
		BAED07DC21B297490059BA8D /* GameTrendingGifsRepository.swift */ = {isa = PBXFileReference; fileEncoding = 4; lastKnownFileType = sourcecode.swift; path = GameTrendingGifsRepository.swift; sourceTree = "<group>"; };
		BAED07E521B297820059BA8D /* RxSwift.framework */ = {isa = PBXFileReference; lastKnownFileType = wrapper.framework; name = RxSwift.framework; path = ../Carthage/Build/iOS/RxSwift.framework; sourceTree = "<group>"; };
		BAED07E621B297820059BA8D /* Moya.framework */ = {isa = PBXFileReference; lastKnownFileType = wrapper.framework; name = Moya.framework; path = ../Carthage/Build/iOS/Moya.framework; sourceTree = "<group>"; };
		BAED07F421B2A0700059BA8D /* GifsTargetType.swift */ = {isa = PBXFileReference; fileEncoding = 4; lastKnownFileType = sourcecode.swift; name = GifsTargetType.swift; path = API/GifsTargetType.swift; sourceTree = "<group>"; };
		BAED07F521B2A0700059BA8D /* TrendingAPI.swift */ = {isa = PBXFileReference; fileEncoding = 4; lastKnownFileType = sourcecode.swift; name = TrendingAPI.swift; path = API/TrendingAPI.swift; sourceTree = "<group>"; };
/* End PBXFileReference section */

/* Begin PBXFrameworksBuildPhase section */
		BAED07C421B296F60059BA8D /* Frameworks */ = {
			isa = PBXFrameworksBuildPhase;
			buildActionMask = 2147483647;
			files = (
				BAED07E721B297820059BA8D /* RxSwift.framework in Frameworks */,
				BAED07E821B297820059BA8D /* Moya.framework in Frameworks */,
			);
			runOnlyForDeploymentPostprocessing = 0;
		};
/* End PBXFrameworksBuildPhase section */

/* Begin PBXGroup section */
		BAED07BD21B296F60059BA8D = {
			isa = PBXGroup;
			children = (
				BAED07C921B296F60059BA8D /* MemoryGameKit */,
				BAED07C821B296F60059BA8D /* Products */,
				BAED07E421B297820059BA8D /* Frameworks */,
			);
			sourceTree = "<group>";
		};
		BAED07C821B296F60059BA8D /* Products */ = {
			isa = PBXGroup;
			children = (
				BAED07C721B296F60059BA8D /* MemoryGameKit.framework */,
			);
			name = Products;
			sourceTree = "<group>";
		};
		BAED07C921B296F60059BA8D /* MemoryGameKit */ = {
			isa = PBXGroup;
			children = (
				BAED07D621B297490059BA8D /* API */,
				BAED07D221B297490059BA8D /* Models */,
				BAED07D921B297490059BA8D /* Repositories */,
				BAED07CA21B296F60059BA8D /* MemoryGameKit.h */,
				BAED07CB21B296F60059BA8D /* Info.plist */,
			);
			path = MemoryGameKit;
			sourceTree = "<group>";
		};
		BAED07D221B297490059BA8D /* Models */ = {
			isa = PBXGroup;
			children = (
				BAED07D321B297490059BA8D /* Gif.swift */,
				BAED07D421B297490059BA8D /* Trending.swift */,
				BAED07D521B297490059BA8D /* GameError.swift */,
				BA3CA55E21C5089A00E9729C /* Rating.swift */,
			);
			path = Models;
			sourceTree = "<group>";
		};
		BAED07D621B297490059BA8D /* API */ = {
			isa = PBXGroup;
			children = (
				BAED07F421B2A0700059BA8D /* GifsTargetType.swift */,
				BAED07F521B2A0700059BA8D /* TrendingAPI.swift */,
			);
			name = API;
			sourceTree = "<group>";
		};
		BAED07D921B297490059BA8D /* Repositories */ = {
			isa = PBXGroup;
			children = (
				BAED07DA21B297490059BA8D /* PlaylistRepository.swift */,
				BAED07DB21B297490059BA8D /* Implementations */,
			);
			path = Repositories;
			sourceTree = "<group>";
		};
		BAED07DB21B297490059BA8D /* Implementations */ = {
			isa = PBXGroup;
			children = (
				BAED07DC21B297490059BA8D /* GameTrendingGifsRepository.swift */,
			);
			path = Implementations;
			sourceTree = "<group>";
		};
		BAED07E421B297820059BA8D /* Frameworks */ = {
			isa = PBXGroup;
			children = (
				BAED07E621B297820059BA8D /* Moya.framework */,
				BAED07E521B297820059BA8D /* RxSwift.framework */,
			);
			name = Frameworks;
			sourceTree = "<group>";
		};
/* End PBXGroup section */

/* Begin PBXHeadersBuildPhase section */
		BAED07C221B296F60059BA8D /* Headers */ = {
			isa = PBXHeadersBuildPhase;
			buildActionMask = 2147483647;
			files = (
				BAED07CC21B296F60059BA8D /* MemoryGameKit.h in Headers */,
			);
			runOnlyForDeploymentPostprocessing = 0;
		};
/* End PBXHeadersBuildPhase section */

/* Begin PBXNativeTarget section */
		BAED07C621B296F60059BA8D /* MemoryGameKit */ = {
			isa = PBXNativeTarget;
			buildConfigurationList = BAED07CF21B296F60059BA8D /* Build configuration list for PBXNativeTarget "MemoryGameKit" */;
			buildPhases = (
				BAED07C221B296F60059BA8D /* Headers */,
				BAED07C321B296F60059BA8D /* Sources */,
				BAED07C421B296F60059BA8D /* Frameworks */,
				BAED07C521B296F60059BA8D /* Resources */,
			);
			buildRules = (
			);
			dependencies = (
			);
			name = MemoryGameKit;
			productName = MemoryGameKit;
			productReference = BAED07C721B296F60059BA8D /* MemoryGameKit.framework */;
			productType = "com.apple.product-type.framework";
		};
/* End PBXNativeTarget section */

/* Begin PBXProject section */
		BAED07BE21B296F60059BA8D /* Project object */ = {
			isa = PBXProject;
			attributes = {
				LastUpgradeCheck = 1010;
				ORGANIZATIONNAME = SoundCloud;
				TargetAttributes = {
					BAED07C621B296F60059BA8D = {
						CreatedOnToolsVersion = 10.1;
					};
				};
			};
			buildConfigurationList = BAED07C121B296F60059BA8D /* Build configuration list for PBXProject "MemoryGameKit" */;
			compatibilityVersion = "Xcode 9.3";
			developmentRegion = en;
			hasScannedForEncodings = 0;
			knownRegions = (
				en,
			);
			mainGroup = BAED07BD21B296F60059BA8D;
			productRefGroup = BAED07C821B296F60059BA8D /* Products */;
			projectDirPath = "";
			projectRoot = "";
			targets = (
				BAED07C621B296F60059BA8D /* MemoryGameKit */,
			);
		};
/* End PBXProject section */

/* Begin PBXResourcesBuildPhase section */
		BAED07C521B296F60059BA8D /* Resources */ = {
			isa = PBXResourcesBuildPhase;
			buildActionMask = 2147483647;
			files = (
			);
			runOnlyForDeploymentPostprocessing = 0;
		};
/* End PBXResourcesBuildPhase section */

/* Begin PBXSourcesBuildPhase section */
		BAED07C321B296F60059BA8D /* Sources */ = {
			isa = PBXSourcesBuildPhase;
			buildActionMask = 2147483647;
			files = (
				BAED07E321B297490059BA8D /* GameTrendingGifsRepository.swift in Sources */,
				BAED07F721B2A0700059BA8D /* TrendingAPI.swift in Sources */,
				BAED07F621B2A0700059BA8D /* GifsTargetType.swift in Sources */,
				BAED07E221B297490059BA8D /* PlaylistRepository.swift in Sources */,
				BA3CA55F21C5089A00E9729C /* Rating.swift in Sources */,
				BAED07DF21B297490059BA8D /* GameError.swift in Sources */,
				BAED07DD21B297490059BA8D /* Gif.swift in Sources */,
				BAED07DE21B297490059BA8D /* Trending.swift in Sources */,
			);
			runOnlyForDeploymentPostprocessing = 0;
		};
/* End PBXSourcesBuildPhase section */

/* Begin XCBuildConfiguration section */
		BAED07CD21B296F60059BA8D /* Debug */ = {
			isa = XCBuildConfiguration;
			buildSettings = {
				ALWAYS_SEARCH_USER_PATHS = NO;
				CLANG_ANALYZER_NONNULL = YES;
				CLANG_ANALYZER_NUMBER_OBJECT_CONVERSION = YES_AGGRESSIVE;
				CLANG_CXX_LANGUAGE_STANDARD = "gnu++14";
				CLANG_CXX_LIBRARY = "libc++";
				CLANG_ENABLE_MODULES = YES;
				CLANG_ENABLE_OBJC_ARC = YES;
				CLANG_ENABLE_OBJC_WEAK = YES;
				CLANG_WARN_BLOCK_CAPTURE_AUTORELEASING = YES;
				CLANG_WARN_BOOL_CONVERSION = YES;
				CLANG_WARN_COMMA = YES;
				CLANG_WARN_CONSTANT_CONVERSION = YES;
				CLANG_WARN_DEPRECATED_OBJC_IMPLEMENTATIONS = YES;
				CLANG_WARN_DIRECT_OBJC_ISA_USAGE = YES_ERROR;
				CLANG_WARN_DOCUMENTATION_COMMENTS = YES;
				CLANG_WARN_EMPTY_BODY = YES;
				CLANG_WARN_ENUM_CONVERSION = YES;
				CLANG_WARN_INFINITE_RECURSION = YES;
				CLANG_WARN_INT_CONVERSION = YES;
				CLANG_WARN_NON_LITERAL_NULL_CONVERSION = YES;
				CLANG_WARN_OBJC_IMPLICIT_RETAIN_SELF = YES;
				CLANG_WARN_OBJC_LITERAL_CONVERSION = YES;
				CLANG_WARN_OBJC_ROOT_CLASS = YES_ERROR;
				CLANG_WARN_RANGE_LOOP_ANALYSIS = YES;
				CLANG_WARN_STRICT_PROTOTYPES = YES;
				CLANG_WARN_SUSPICIOUS_MOVE = YES;
				CLANG_WARN_UNGUARDED_AVAILABILITY = YES_AGGRESSIVE;
				CLANG_WARN_UNREACHABLE_CODE = YES;
				CLANG_WARN__DUPLICATE_METHOD_MATCH = YES;
				CODE_SIGN_IDENTITY = "iPhone Developer";
				COPY_PHASE_STRIP = NO;
				CURRENT_PROJECT_VERSION = 1;
				DEBUG_INFORMATION_FORMAT = dwarf;
				ENABLE_STRICT_OBJC_MSGSEND = YES;
				ENABLE_TESTABILITY = YES;
				GCC_C_LANGUAGE_STANDARD = gnu11;
				GCC_DYNAMIC_NO_PIC = NO;
				GCC_NO_COMMON_BLOCKS = YES;
				GCC_OPTIMIZATION_LEVEL = 0;
				GCC_PREPROCESSOR_DEFINITIONS = (
					"DEBUG=1",
					"$(inherited)",
				);
				GCC_WARN_64_TO_32_BIT_CONVERSION = YES;
				GCC_WARN_ABOUT_RETURN_TYPE = YES_ERROR;
				GCC_WARN_UNDECLARED_SELECTOR = YES;
				GCC_WARN_UNINITIALIZED_AUTOS = YES_AGGRESSIVE;
				GCC_WARN_UNUSED_FUNCTION = YES;
				GCC_WARN_UNUSED_VARIABLE = YES;
				IPHONEOS_DEPLOYMENT_TARGET = 12.1;
				MTL_ENABLE_DEBUG_INFO = INCLUDE_SOURCE;
				MTL_FAST_MATH = YES;
				ONLY_ACTIVE_ARCH = YES;
				SDKROOT = iphoneos;
				SWIFT_ACTIVE_COMPILATION_CONDITIONS = DEBUG;
				SWIFT_OPTIMIZATION_LEVEL = "-Onone";
				VERSIONING_SYSTEM = "apple-generic";
				VERSION_INFO_PREFIX = "";
			};
			name = Debug;
		};
		BAED07CE21B296F60059BA8D /* Release */ = {
			isa = XCBuildConfiguration;
			buildSettings = {
				ALWAYS_SEARCH_USER_PATHS = NO;
				CLANG_ANALYZER_NONNULL = YES;
				CLANG_ANALYZER_NUMBER_OBJECT_CONVERSION = YES_AGGRESSIVE;
				CLANG_CXX_LANGUAGE_STANDARD = "gnu++14";
				CLANG_CXX_LIBRARY = "libc++";
				CLANG_ENABLE_MODULES = YES;
				CLANG_ENABLE_OBJC_ARC = YES;
				CLANG_ENABLE_OBJC_WEAK = YES;
				CLANG_WARN_BLOCK_CAPTURE_AUTORELEASING = YES;
				CLANG_WARN_BOOL_CONVERSION = YES;
				CLANG_WARN_COMMA = YES;
				CLANG_WARN_CONSTANT_CONVERSION = YES;
				CLANG_WARN_DEPRECATED_OBJC_IMPLEMENTATIONS = YES;
				CLANG_WARN_DIRECT_OBJC_ISA_USAGE = YES_ERROR;
				CLANG_WARN_DOCUMENTATION_COMMENTS = YES;
				CLANG_WARN_EMPTY_BODY = YES;
				CLANG_WARN_ENUM_CONVERSION = YES;
				CLANG_WARN_INFINITE_RECURSION = YES;
				CLANG_WARN_INT_CONVERSION = YES;
				CLANG_WARN_NON_LITERAL_NULL_CONVERSION = YES;
				CLANG_WARN_OBJC_IMPLICIT_RETAIN_SELF = YES;
				CLANG_WARN_OBJC_LITERAL_CONVERSION = YES;
				CLANG_WARN_OBJC_ROOT_CLASS = YES_ERROR;
				CLANG_WARN_RANGE_LOOP_ANALYSIS = YES;
				CLANG_WARN_STRICT_PROTOTYPES = YES;
				CLANG_WARN_SUSPICIOUS_MOVE = YES;
				CLANG_WARN_UNGUARDED_AVAILABILITY = YES_AGGRESSIVE;
				CLANG_WARN_UNREACHABLE_CODE = YES;
				CLANG_WARN__DUPLICATE_METHOD_MATCH = YES;
				CODE_SIGN_IDENTITY = "iPhone Developer";
				COPY_PHASE_STRIP = NO;
				CURRENT_PROJECT_VERSION = 1;
				DEBUG_INFORMATION_FORMAT = "dwarf-with-dsym";
				ENABLE_NS_ASSERTIONS = NO;
				ENABLE_STRICT_OBJC_MSGSEND = YES;
				GCC_C_LANGUAGE_STANDARD = gnu11;
				GCC_NO_COMMON_BLOCKS = YES;
				GCC_WARN_64_TO_32_BIT_CONVERSION = YES;
				GCC_WARN_ABOUT_RETURN_TYPE = YES_ERROR;
				GCC_WARN_UNDECLARED_SELECTOR = YES;
				GCC_WARN_UNINITIALIZED_AUTOS = YES_AGGRESSIVE;
				GCC_WARN_UNUSED_FUNCTION = YES;
				GCC_WARN_UNUSED_VARIABLE = YES;
				IPHONEOS_DEPLOYMENT_TARGET = 12.1;
				MTL_ENABLE_DEBUG_INFO = NO;
				MTL_FAST_MATH = YES;
				SDKROOT = iphoneos;
				SWIFT_COMPILATION_MODE = wholemodule;
				SWIFT_OPTIMIZATION_LEVEL = "-O";
				VALIDATE_PRODUCT = YES;
				VERSIONING_SYSTEM = "apple-generic";
				VERSION_INFO_PREFIX = "";
			};
			name = Release;
		};
		BAED07D021B296F60059BA8D /* Debug */ = {
			isa = XCBuildConfiguration;
			buildSettings = {
				CODE_SIGN_IDENTITY = "";
				CODE_SIGN_STYLE = Automatic;
				DEFINES_MODULE = YES;
				DYLIB_COMPATIBILITY_VERSION = 1;
				DYLIB_CURRENT_VERSION = 1;
				DYLIB_INSTALL_NAME_BASE = "@rpath";
				FRAMEWORK_SEARCH_PATHS = (
					"$(inherited)",
					"$(PROJECT_DIR)/../Carthage/Build/iOS",
				);
				INFOPLIST_FILE = MemoryGameKit/Info.plist;
				INSTALL_PATH = "$(LOCAL_LIBRARY_DIR)/Frameworks";
				IPHONEOS_DEPLOYMENT_TARGET = 12.0;
				LD_RUNPATH_SEARCH_PATHS = (
					"$(inherited)",
					"@executable_path/Frameworks",
					"@loader_path/Frameworks",
				);
				PRODUCT_BUNDLE_IDENTIFIER = com.soundcloud.MemoryGameKit;
				PRODUCT_NAME = "$(TARGET_NAME:c99extidentifier)";
				SKIP_INSTALL = YES;
				SWIFT_VERSION = 4.2;
				TARGETED_DEVICE_FAMILY = "1,2";
			};
			name = Debug;
		};
		BAED07D121B296F60059BA8D /* Release */ = {
			isa = XCBuildConfiguration;
			buildSettings = {
				CODE_SIGN_IDENTITY = "";
				CODE_SIGN_STYLE = Automatic;
				DEFINES_MODULE = YES;
				DYLIB_COMPATIBILITY_VERSION = 1;
				DYLIB_CURRENT_VERSION = 1;
				DYLIB_INSTALL_NAME_BASE = "@rpath";
				FRAMEWORK_SEARCH_PATHS = (
					"$(inherited)",
					"$(PROJECT_DIR)/../Carthage/Build/iOS",
				);
				INFOPLIST_FILE = MemoryGameKit/Info.plist;
				INSTALL_PATH = "$(LOCAL_LIBRARY_DIR)/Frameworks";
				IPHONEOS_DEPLOYMENT_TARGET = 12.0;
				LD_RUNPATH_SEARCH_PATHS = (
					"$(inherited)",
					"@executable_path/Frameworks",
					"@loader_path/Frameworks",
				);
				PRODUCT_BUNDLE_IDENTIFIER = com.soundcloud.MemoryGameKit;
				PRODUCT_NAME = "$(TARGET_NAME:c99extidentifier)";
				SKIP_INSTALL = YES;
				SWIFT_VERSION = 4.2;
				TARGETED_DEVICE_FAMILY = "1,2";
			};
			name = Release;
		};
/* End XCBuildConfiguration section */

/* Begin XCConfigurationList section */
		BAED07C121B296F60059BA8D /* Build configuration list for PBXProject "MemoryGameKit" */ = {
			isa = XCConfigurationList;
			buildConfigurations = (
				BAED07CD21B296F60059BA8D /* Debug */,
				BAED07CE21B296F60059BA8D /* Release */,
			);
			defaultConfigurationIsVisible = 0;
			defaultConfigurationName = Release;
		};
		BAED07CF21B296F60059BA8D /* Build configuration list for PBXNativeTarget "MemoryGameKit" */ = {
			isa = XCConfigurationList;
			buildConfigurations = (
				BAED07D021B296F60059BA8D /* Debug */,
				BAED07D121B296F60059BA8D /* Release */,
			);
			defaultConfigurationIsVisible = 0;
			defaultConfigurationName = Release;
		};
/* End XCConfigurationList section */
	};
	rootObject = BAED07BE21B296F60059BA8D /* Project object */;
}
